
Microsoft Visual Studio Solution File, Format Version 12.00
# Visual Studio Version 17
VisualStudioVersion = 17.11.35222.181
MinimumVisualStudioVersion = 10.0.40219.1
Project("{FAE04EC0-301F-11D3-BF4B-00C04F79EFBC}") = "PartitionPocReader", "PartitionPocReader.csproj", "{836CE58A-10E6-41A9-A82F-3DB532C24358}"
EndProject
Project("{FAE04EC0-301F-11D3-BF4B-00C04F79EFBC}") = "PartitionReaderPocAkka", "..\PartitionReaderPocAkka\PartitionReaderPocAkka.csproj", "{1C3EA6DB-C7B4-4870-AC1D-243B7B052A09}"
EndProject
Project("{FAE04EC0-301F-11D3-BF4B-00C04F79EFBC}") = "EventGenerator", "..\EventGenerator\EventGenerator.csproj", "{ADAAAF41-1C0D-414A-B285-2AC372262035}"
EndProject
Global
	GlobalSection(SolutionConfigurationPlatforms) = preSolution
		Debug|Any CPU = Debug|Any CPU
		Release|Any CPU = Release|Any CPU
	EndGlobalSection
	GlobalSection(ProjectConfigurationPlatforms) = postSolution
		{836CE58A-10E6-41A9-A82F-3DB532C24358}.Debug|Any CPU.ActiveCfg = Debug|Any CPU
		{836CE58A-10E6-41A9-A82F-3DB532C24358}.Debug|Any CPU.Build.0 = Debug|Any CPU
		{836CE58A-10E6-41A9-A82F-3DB532C24358}.Release|Any CPU.ActiveCfg = Release|Any CPU
		{836CE58A-10E6-41A9-A82F-3DB532C24358}.Release|Any CPU.Build.0 = Release|Any CPU
		{1C3EA6DB-C7B4-4870-AC1D-243B7B052A09}.Debug|Any CPU.ActiveCfg = Debug|Any CPU
		{1C3EA6DB-C7B4-4870-AC1D-243B7B052A09}.Debug|Any CPU.Build.0 = Debug|Any CPU
		{1C3EA6DB-C7B4-4870-AC1D-243B7B052A09}.Release|Any CPU.ActiveCfg = Release|Any CPU
		{1C3EA6DB-C7B4-4870-AC1D-243B7B052A09}.Release|Any CPU.Build.0 = Release|Any CPU
		{ADAAAF41-1C0D-414A-B285-2AC372262035}.Debug|Any CPU.ActiveCfg = Debug|Any CPU
		{ADAAAF41-1C0D-414A-B285-2AC372262035}.Debug|Any CPU.Build.0 = Debug|Any CPU
		{ADAAAF41-1C0D-414A-B285-2AC372262035}.Release|Any CPU.ActiveCfg = Release|Any CPU
		{ADAAAF41-1C0D-414A-B285-2AC372262035}.Release|Any CPU.Build.0 = Release|Any CPU
	EndGlobalSection
	GlobalSection(SolutionProperties) = preSolution
		HideSolutionNode = FALSE
	EndGlobalSection
	GlobalSection(ExtensibilityGlobals) = postSolution
		SolutionGuid = {1BE1F9EE-3B08-44EA-B1A9-2E2A09624AAE}
	EndGlobalSection
EndGlobal
